// !$*UTF8*$!
{
	archiveVersion = 1;
	classes = {
	};
	objectVersion = 42;
	objects = {

/* Begin PBXBuildFile section */
		069D05B0128AE5DC7EE31738 /* QtCore.framework in Frameworks & Libraries */ = {isa = PBXBuildFile; fileRef = 7BC2E65A5E699A5E5D834CA2 /* QtCore.framework */; };
		0A73F7030B6E35EA7C6A926E /* cuvdatahandler.cpp in Build Sources */ = {isa = PBXBuildFile; fileRef = 36150AD6591CD16F9C296936 /* cuvdatahandler.cpp */; settings = {ATTRIBUTES = (); }; };
		0C6D4628EE0B0D1479A20551 /* AGL.framework in Frameworks & Libraries */ = {isa = PBXBuildFile; fileRef = C6766F86E49E9C8701C8E637 /* AGL.framework */; };
		0F383CAF1F369FAB80830F99 /* draw_text.cpp in Build Sources */ = {isa = PBXBuildFile; fileRef = 6B62213495B32505D737C0E9 /* draw_text.cpp */; settings = {ATTRIBUTES = (); }; };
		10C3022827534A869A24BB42 /* displaylistscene.cpp in Build Sources */ = {isa = PBXBuildFile; fileRef = F21ECBE74723448A18E15AC7 /* displaylistscene.cpp */; settings = {ATTRIBUTES = (); }; };
		15E3698CEFA60393EBD88312 /* qrc_glshaders.cpp in Build Sources */ = {isa = PBXBuildFile; fileRef = 29A8868787C983C25FEE5528 /* qrc_glshaders.cpp */; settings = {ATTRIBUTES = (); }; };
		15F2A60A9D3DD85163F857BB /* moc_cuvdatahandler.cpp in Build Sources */ = {isa = PBXBuildFile; fileRef = 86ADD011432BE838C9E91C59 /* moc_cuvdatahandler.cpp */; settings = {ATTRIBUTES = (); }; };
		1D65DDAC0A2F0E488770DAE1 /* moviedialog.cpp in Build Sources */ = {isa = PBXBuildFile; fileRef = ADCA4584528210E7A236C209 /* moviedialog.cpp */; settings = {ATTRIBUTES = (); }; };
		1FBEC5F04CD36A072CBDFF0B /* qrc_images.cpp in Build Sources */ = {isa = PBXBuildFile; fileRef = AEDF5D6213366FC9B4765BAC /* qrc_images.cpp */; settings = {ATTRIBUTES = (); }; };
		20272530CE64D4C8D2E566EE /* moc_getimagesize.cpp in Build Sources */ = {isa = PBXBuildFile; fileRef = C0E112E876DADE40080A9321 /* moc_getimagesize.cpp */; settings = {ATTRIBUTES = (); }; };
		2047DA1749B439430FFA7C2D /* moc_paletteview.cpp in Build Sources */ = {isa = PBXBuildFile; fileRef = DF7C32C250EB7EC8B56EAD06 /* moc_paletteview.cpp */; settings = {ATTRIBUTES = (); }; };
		26C2BED6C570C95F5243C556 /* moc_mainwindow.cpp in Build Sources */ = {isa = PBXBuildFile; fileRef = 336D3C48DD3B44974395C633 /* moc_mainwindow.cpp */; settings = {ATTRIBUTES = (); }; };
		2B093CA6F071B023A473CED0 /* main.cpp in Build Sources */ = {isa = PBXBuildFile; fileRef = 118FCBAABA162BA17933C789 /* main.cpp */; settings = {ATTRIBUTES = (); }; };
		2C15445969F8AD08DC10EBB1 /* showscene.cpp in Build Sources */ = {isa = PBXBuildFile; fileRef = 76E707E0DD0C96657DEABF6E /* showscene.cpp */; settings = {ATTRIBUTES = (); }; };
		2E4F3B7F73EA13BD74FF1774 /* moc_pixmaplabel.cpp in Build Sources */ = {isa = PBXBuildFile; fileRef = FFD51BBC46A331EE3D7B908A /* moc_pixmaplabel.cpp */; settings = {ATTRIBUTES = (); }; };
		361A9707E486D2BAF94F3A64 /* glrenderer.cpp in Build Sources */ = {isa = PBXBuildFile; fileRef = 6C3809F3EAFABBA2FCAE7A27 /* glrenderer.cpp */; settings = {ATTRIBUTES = (); }; };
		3CD42FE090232060C7EE599D /* globalpreferences.cpp in Build Sources */ = {isa = PBXBuildFile; fileRef = 4F752D6BB4A5AE44860BC64C /* globalpreferences.cpp */; settings = {ATTRIBUTES = (); }; };
		450A0D11527AF164AEFE7377 /* QtOpenGL.framework in Frameworks & Libraries */ = {isa = PBXBuildFile; fileRef = C374004D45E01156F931B37D /* QtOpenGL.framework */; };
		462C0F34BBEF2375A9469BB5 /* mainwindow.cpp in Build Sources */ = {isa = PBXBuildFile; fileRef = EA177DE95BF7D3EF58EE43F7 /* mainwindow.cpp */; settings = {ATTRIBUTES = (); }; };
		47D642AC530AFBDD720B939A /* moc_showscene.cpp in Build Sources */ = {isa = PBXBuildFile; fileRef = 782C30F73B870B599FAB5F0A /* moc_showscene.cpp */; settings = {ATTRIBUTES = (); }; };
		4F513DF64352B6AAC37AD636 /* moc_moviedialog.cpp in Build Sources */ = {isa = PBXBuildFile; fileRef = 85E01D040996E4B4811C478B /* moc_moviedialog.cpp */; settings = {ATTRIBUTES = (); }; };
		501667F26B3C1FF6767A7C12 /* QtGui.framework in Frameworks & Libraries */ = {isa = PBXBuildFile; fileRef = 9B36DA7E32F0304E780E7972 /* QtGui.framework */; };
		58F3AC2799B61059F4E2F3BA /* draw_sphoid.cpp in Build Sources */ = {isa = PBXBuildFile; fileRef = 0E38A4AD8BF7BAA400D1CD2F /* draw_sphoid.cpp */; settings = {ATTRIBUTES = (); }; };
		709E6F64DC4BE7C5298F844A /* autoexport.cpp in Build Sources */ = {isa = PBXBuildFile; fileRef = 4E3AB0E36A594E69CDAE45EB /* autoexport.cpp */; settings = {ATTRIBUTES = (); }; };
		7162C5CAE4FCA7F0809F1C16 /* moc_globalpreferences.cpp in Build Sources */ = {isa = PBXBuildFile; fileRef = 273A6034CB751754568EA056 /* moc_globalpreferences.cpp */; settings = {ATTRIBUTES = (); }; };
		74B0AB4F771CC10802993870 /* draw_tria.cpp in Build Sources */ = {isa = PBXBuildFile; fileRef = 4014219B7681577BC82BB491 /* draw_tria.cpp */; settings = {ATTRIBUTES = (); }; };
		76138EBF01A5DEA3F6CCED0B /* sceneentity.cpp in Build Sources */ = {isa = PBXBuildFile; fileRef = 1ACC2D1B2B149FEA7010F0C6 /* sceneentity.cpp */; settings = {ATTRIBUTES = (); }; };
		798A4D29F9FD9FA31CDE4AD8 /* moc_imageprocessing.cpp in Build Sources */ = {isa = PBXBuildFile; fileRef = D64D26B967E8D7C4C19A0F7B /* moc_imageprocessing.cpp */; settings = {ATTRIBUTES = (); }; };
		7A8B396291E9D00F4EF6065A /* binpalettes.cpp in Build Sources */ = {isa = PBXBuildFile; fileRef = E884A6022398F2664CEF7825 /* binpalettes.cpp */; settings = {ATTRIBUTES = (); }; };
		7D12242113F3402CACBA4B0A /* draw_quadri.cpp in Build Sources */ = {isa = PBXBuildFile; fileRef = 479DBFD51D780DE7D86E535A /* draw_quadri.cpp */; settings = {ATTRIBUTES = (); }; };
		82131C329AEDFF8F54785923 /* cuvvector.cpp in Build Sources */ = {isa = PBXBuildFile; fileRef = 7A53AF8D8A86F2B7703B47A6 /* cuvvector.cpp */; settings = {ATTRIBUTES = (); }; };
		836C9A5E147145E600E421CB /* cuviewer.app in Project Copy */ = {isa = PBXBuildFile; fileRef = 836C9A5B147145E600E421CB /* cuviewer.app */; };
		870DDBBE994CE80C5FA37A4A /* pixmaplabel.cpp in Build Sources */ = {isa = PBXBuildFile; fileRef = 33DEF0A4988E3A1EE413F9FF /* pixmaplabel.cpp */; settings = {ATTRIBUTES = (); }; };
		8C7A93D4203FACE9ABA20001 /* moc_binpalettes.cpp in Build Sources */ = {isa = PBXBuildFile; fileRef = D314BE77BE81D94E4B3B9DAB /* moc_binpalettes.cpp */; settings = {ATTRIBUTES = (); }; };
		8F8D827365C90D3E391C6D8E /* printpreview.cpp in Build Sources */ = {isa = PBXBuildFile; fileRef = 3F8F0D1104AAE3C3CCD9C806 /* printpreview.cpp */; settings = {ATTRIBUTES = (); }; };
		9DF3AD8164F445541BC8A06D /* viewersettings.cpp in Build Sources */ = {isa = PBXBuildFile; fileRef = 27594C621E702237A4E20CF8 /* viewersettings.cpp */; settings = {ATTRIBUTES = (); }; };
		A8FC24A582C2037D551B0697 /* draw_line.cpp in Build Sources */ = {isa = PBXBuildFile; fileRef = 7850C326E6D3BA00F603277B /* draw_line.cpp */; settings = {ATTRIBUTES = (); }; };
		AA9AA27340D303D9CF305CCB /* moc_viewersettings.cpp in Build Sources */ = {isa = PBXBuildFile; fileRef = 188B6FB5E82399FC5CB69802 /* moc_viewersettings.cpp */; settings = {ATTRIBUTES = (); }; };
		B98F0DC9493E59403E010F3A /* entityscene.cpp in Build Sources */ = {isa = PBXBuildFile; fileRef = 55708F1CDDEB2DB1F69EF0CA /* entityscene.cpp */; settings = {ATTRIBUTES = (); }; };
		BCEF71E1EDFB18DA77DC750B /* OpenGL.framework in Frameworks & Libraries */ = {isa = PBXBuildFile; fileRef = DA18A6831232F53228631AD1 /* OpenGL.framework */; };
		C1F25E9F20C99C0956CE1BDF /* getimagesize.cpp in Build Sources */ = {isa = PBXBuildFile; fileRef = 5505FBE7E376EA2713588D32 /* getimagesize.cpp */; settings = {ATTRIBUTES = (); }; };
		C98EADAE0AFAA655934BFA10 /* moc_glrenderer.cpp in Build Sources */ = {isa = PBXBuildFile; fileRef = 59CD4F9263E55318D7ABB6BE /* moc_glrenderer.cpp */; settings = {ATTRIBUTES = (); }; };
		CE3C2FF4A779B5209CEF604D /* draw_sphere.cpp in Build Sources */ = {isa = PBXBuildFile; fileRef = 0203B878A6E1E2E93C12034C /* draw_sphere.cpp */; settings = {ATTRIBUTES = (); }; };
		D1ACC097C6BBA6EC000E2CF9 /* draw_point.cpp in Build Sources */ = {isa = PBXBuildFile; fileRef = 7AB51513DE1759874568D11A /* draw_point.cpp */; settings = {ATTRIBUTES = (); }; };
		D99AEB34B547632746B1B991 /* cuviewdoc.cpp in Build Sources */ = {isa = PBXBuildFile; fileRef = 0ECB297F54627F0995A63467 /* cuviewdoc.cpp */; settings = {ATTRIBUTES = (); }; };
		DD3A249383E106E3A5B47005 /* moc_autoexport.cpp in Build Sources */ = {isa = PBXBuildFile; fileRef = 9804ACD0514EBC184BA205F0 /* moc_autoexport.cpp */; settings = {ATTRIBUTES = (); }; };
		E104D424C477AF3497DEA307 /* script.cpp in Build Sources */ = {isa = PBXBuildFile; fileRef = 8458ADCEDC17D046942185CB /* script.cpp */; settings = {ATTRIBUTES = (); }; };
		E4B721BED49A77B828A4CCF0 /* qrc_htmlFiles.cpp in Build Sources */ = {isa = PBXBuildFile; fileRef = 3CDF27B041FE1F2D2E06D52E /* qrc_htmlFiles.cpp */; settings = {ATTRIBUTES = (); }; };
		EFE8A117B3E4EC9AC40A0835 /* moc_cuviewdoc.cpp in Build Sources */ = {isa = PBXBuildFile; fileRef = 323A4FB145C650EA534D96CC /* moc_cuviewdoc.cpp */; settings = {ATTRIBUTES = (); }; };
		F44A3C2E1C61FC8FC39A2AFA /* imageprocessing.cpp in Build Sources */ = {isa = PBXBuildFile; fileRef = D1EFC2E7C32FD804288A5E3E /* imageprocessing.cpp */; settings = {ATTRIBUTES = (); }; };
		F4BF60642BF059EC564147FD /* paletteview.cpp in Build Sources */ = {isa = PBXBuildFile; fileRef = D47AE44419C69FB1394CE5FF /* paletteview.cpp */; settings = {ATTRIBUTES = (); }; };
		F4FEF62F90840B2318303C89 /* moc_printpreview.cpp in Build Sources */ = {isa = PBXBuildFile; fileRef = 74321A947AD3A0F5FF194EB2 /* moc_printpreview.cpp */; settings = {ATTRIBUTES = (); }; };
/* End PBXBuildFile section */

/* Begin PBXCopyFilesBuildPhase section */
		F6069D5A5DA8AA28EDB8B3C6 /* Project Copy */ = {
			isa = PBXCopyFilesBuildPhase;
			buildActionMask = 2147483647;
			dstPath = /Users/tjssmy/source/ospice/cuviewer2;
			dstSubfolderSpec = 0;
			files = (
				836C9A5E147145E600E421CB /* cuviewer.app in Project Copy */,
			);
			name = "Project Copy";
			runOnlyForDeploymentPostprocessing = 0;
		};
/* End PBXCopyFilesBuildPhase section */

/* Begin PBXFileReference section */
		0203B878A6E1E2E93C12034C /* draw_sphere.cpp */ = {isa = PBXFileReference; lastKnownFileType = sourcecode.cpp.cpp; name = draw_sphere.cpp; path = cuviewdoc/draw_sphere.cpp; sourceTree = "<group>"; };
		04351BE90B4FC2907329BF1A /* ui_printpreview.h */ = {isa = PBXFileReference; lastKnownFileType = sourcecode.c.h; path = ui_printpreview.h; sourceTree = "<group>"; };
		043CFFCD0275CF806C6B7618 /* cuvcommonstructs.h */ = {isa = PBXFileReference; lastKnownFileType = sourcecode.c.h; name = cuvcommonstructs.h; path = include/cuvcommonstructs.h; sourceTree = "<group>"; };
		0C81AB28DEC703193B2B8313 /* viewersettings.h */ = {isa = PBXFileReference; lastKnownFileType = sourcecode.c.h; path = viewersettings.h; sourceTree = "<group>"; };
		0E38A4AD8BF7BAA400D1CD2F /* draw_sphoid.cpp */ = {isa = PBXFileReference; lastKnownFileType = sourcecode.cpp.cpp; name = draw_sphoid.cpp; path = cuviewdoc/draw_sphoid.cpp; sourceTree = "<group>"; };
		0EAE6BAB43DACFA986924F5B /* glrenderer.h */ = {isa = PBXFileReference; lastKnownFileType = sourcecode.c.h; name = glrenderer.h; path = cuviewdoc/glrenderer.h; sourceTree = "<group>"; };
		0ECB297F54627F0995A63467 /* cuviewdoc.cpp */ = {isa = PBXFileReference; lastKnownFileType = sourcecode.cpp.cpp; name = cuviewdoc.cpp; path = cuviewdoc/cuviewdoc.cpp; sourceTree = "<group>"; };
		118FCBAABA162BA17933C789 /* main.cpp */ = {isa = PBXFileReference; lastKnownFileType = sourcecode.cpp.cpp; path = main.cpp; sourceTree = "<group>"; };
		1615A18A82455E7CA8A8EE3C /* cuvtags.h */ = {isa = PBXFileReference; lastKnownFileType = sourcecode.c.h; name = cuvtags.h; path = include/cuvtags.h; sourceTree = "<group>"; };
		188B6FB5E82399FC5CB69802 /* moc_viewersettings.cpp */ = {isa = PBXFileReference; lastKnownFileType = sourcecode.cpp.cpp; path = moc_viewersettings.cpp; sourceTree = "<group>"; };
		1ACC2D1B2B149FEA7010F0C6 /* sceneentity.cpp */ = {isa = PBXFileReference; lastKnownFileType = sourcecode.cpp.cpp; name = sceneentity.cpp; path = cuviewdoc/sceneentity.cpp; sourceTree = "<group>"; };
		1B9B2F2D5B61D65DD2661A8E /* ui_getimagesize.h */ = {isa = PBXFileReference; lastKnownFileType = sourcecode.c.h; path = ui_getimagesize.h; sourceTree = "<group>"; };
		1C4417D7CC66215ADB639528 /* displaylistscene.h */ = {isa = PBXFileReference; lastKnownFileType = sourcecode.c.h; name = displaylistscene.h; path = cuviewdoc/displaylistscene.h; sourceTree = "<group>"; };
		23A12D294C35DE209B2AD673 /* moviedialog.ui */ = {isa = PBXFileReference; lastKnownFileType = text.xml; path = moviedialog.ui; sourceTree = "<group>"; };
		273A6034CB751754568EA056 /* moc_globalpreferences.cpp */ = {isa = PBXFileReference; lastKnownFileType = sourcecode.cpp.cpp; path = moc_globalpreferences.cpp; sourceTree = "<group>"; };
		27594C621E702237A4E20CF8 /* viewersettings.cpp */ = {isa = PBXFileReference; lastKnownFileType = sourcecode.cpp.cpp; path = viewersettings.cpp; sourceTree = "<group>"; };
		28467D66BEB9D6D4C69F4581 /* script.h */ = {isa = PBXFileReference; lastKnownFileType = sourcecode.c.h; path = script.h; sourceTree = "<group>"; };
		29834053D461501391C90C68 /* pixmaplabel.h */ = {isa = PBXFileReference; lastKnownFileType = sourcecode.c.h; path = pixmaplabel.h; sourceTree = "<group>"; };
		29A8868787C983C25FEE5528 /* qrc_glshaders.cpp */ = {isa = PBXFileReference; lastKnownFileType = sourcecode.cpp.cpp; path = qrc_glshaders.cpp; sourceTree = "<group>"; };
		30EBAFE0D3C3F13ECA46AEE7 /* moviedialog.h */ = {isa = PBXFileReference; lastKnownFileType = sourcecode.c.h; path = moviedialog.h; sourceTree = "<group>"; };
		323A4FB145C650EA534D96CC /* moc_cuviewdoc.cpp */ = {isa = PBXFileReference; lastKnownFileType = sourcecode.cpp.cpp; path = moc_cuviewdoc.cpp; sourceTree = "<group>"; };
		336D3C48DD3B44974395C633 /* moc_mainwindow.cpp */ = {isa = PBXFileReference; lastKnownFileType = sourcecode.cpp.cpp; path = moc_mainwindow.cpp; sourceTree = "<group>"; };
		33DEF0A4988E3A1EE413F9FF /* pixmaplabel.cpp */ = {isa = PBXFileReference; lastKnownFileType = sourcecode.cpp.cpp; path = pixmaplabel.cpp; sourceTree = "<group>"; };
		36150AD6591CD16F9C296936 /* cuvdatahandler.cpp */ = {isa = PBXFileReference; lastKnownFileType = sourcecode.cpp.cpp; name = cuvdatahandler.cpp; path = cuviewdoc/cuvdatahandler.cpp; sourceTree = "<group>"; };
		375123A56E2E4BB27DD1CB90 /* lessalloc.h */ = {isa = PBXFileReference; lastKnownFileType = sourcecode.c.h; name = lessalloc.h; path = include/lessalloc.h; sourceTree = "<group>"; };
		3CDF27B041FE1F2D2E06D52E /* qrc_htmlFiles.cpp */ = {isa = PBXFileReference; lastKnownFileType = sourcecode.cpp.cpp; path = qrc_htmlFiles.cpp; sourceTree = "<group>"; };
		3EE623AB78C6A9206E270998 /* paletteview.h */ = {isa = PBXFileReference; lastKnownFileType = sourcecode.c.h; path = paletteview.h; sourceTree = "<group>"; };
		3F8F0D1104AAE3C3CCD9C806 /* printpreview.cpp */ = {isa = PBXFileReference; lastKnownFileType = sourcecode.cpp.cpp; path = printpreview.cpp; sourceTree = "<group>"; };
		4014219B7681577BC82BB491 /* draw_tria.cpp */ = {isa = PBXFileReference; lastKnownFileType = sourcecode.cpp.cpp; name = draw_tria.cpp; path = cuviewdoc/draw_tria.cpp; sourceTree = "<group>"; };
		40FCEA26392903D9D2D69061 /* cuviewdoc.h */ = {isa = PBXFileReference; lastKnownFileType = sourcecode.c.h; name = cuviewdoc.h; path = cuviewdoc/cuviewdoc.h; sourceTree = "<group>"; };
		479DBFD51D780DE7D86E535A /* draw_quadri.cpp */ = {isa = PBXFileReference; lastKnownFileType = sourcecode.cpp.cpp; name = draw_quadri.cpp; path = cuviewdoc/draw_quadri.cpp; sourceTree = "<group>"; };
		4A9A6A7E5D1B06E591D53156 /* autoexport.ui */ = {isa = PBXFileReference; lastKnownFileType = text.xml; path = autoexport.ui; sourceTree = "<group>"; };
		4AC71EB5C4CD4C258D558FE1 /* imageprocessing.h */ = {isa = PBXFileReference; lastKnownFileType = sourcecode.c.h; path = imageprocessing.h; sourceTree = "<group>"; };
		4CE2A6A8783A086674E631FC /* binpalettes.h */ = {isa = PBXFileReference; lastKnownFileType = sourcecode.c.h; path = binpalettes.h; sourceTree = "<group>"; };
		4E3AB0E36A594E69CDAE45EB /* autoexport.cpp */ = {isa = PBXFileReference; lastKnownFileType = sourcecode.cpp.cpp; path = autoexport.cpp; sourceTree = "<group>"; };
		4F752D6BB4A5AE44860BC64C /* globalpreferences.cpp */ = {isa = PBXFileReference; lastKnownFileType = sourcecode.cpp.cpp; path = globalpreferences.cpp; sourceTree = "<group>"; };
		5505FBE7E376EA2713588D32 /* getimagesize.cpp */ = {isa = PBXFileReference; lastKnownFileType = sourcecode.cpp.cpp; path = getimagesize.cpp; sourceTree = "<group>"; };
		55708F1CDDEB2DB1F69EF0CA /* entityscene.cpp */ = {isa = PBXFileReference; lastKnownFileType = sourcecode.cpp.cpp; name = entityscene.cpp; path = cuviewdoc/entityscene.cpp; sourceTree = "<group>"; };
		59CD4F9263E55318D7ABB6BE /* moc_glrenderer.cpp */ = {isa = PBXFileReference; lastKnownFileType = sourcecode.cpp.cpp; path = moc_glrenderer.cpp; sourceTree = "<group>"; };
		5A94EA870D093ED397311341 /* drawablescene.h */ = {isa = PBXFileReference; lastKnownFileType = sourcecode.c.h; name = drawablescene.h; path = cuviewdoc/drawablescene.h; sourceTree = "<group>"; };
		61ACFEDAA04B35D03E6A2A50 /* glshaders.qrc */ = {isa = PBXFileReference; lastKnownFileType = text; path = glshaders.qrc; sourceTree = "<group>"; };
		6B62213495B32505D737C0E9 /* draw_text.cpp */ = {isa = PBXFileReference; lastKnownFileType = sourcecode.cpp.cpp; name = draw_text.cpp; path = cuviewdoc/draw_text.cpp; sourceTree = "<group>"; };
		6C3809F3EAFABBA2FCAE7A27 /* glrenderer.cpp */ = {isa = PBXFileReference; lastKnownFileType = sourcecode.cpp.cpp; name = glrenderer.cpp; path = cuviewdoc/glrenderer.cpp; sourceTree = "<group>"; };
		74321A947AD3A0F5FF194EB2 /* moc_printpreview.cpp */ = {isa = PBXFileReference; lastKnownFileType = sourcecode.cpp.cpp; path = moc_printpreview.cpp; sourceTree = "<group>"; };
		76E707E0DD0C96657DEABF6E /* showscene.cpp */ = {isa = PBXFileReference; lastKnownFileType = sourcecode.cpp.cpp; path = showscene.cpp; sourceTree = "<group>"; };
		782C30F73B870B599FAB5F0A /* moc_showscene.cpp */ = {isa = PBXFileReference; lastKnownFileType = sourcecode.cpp.cpp; path = moc_showscene.cpp; sourceTree = "<group>"; };
		7850C326E6D3BA00F603277B /* draw_line.cpp */ = {isa = PBXFileReference; lastKnownFileType = sourcecode.cpp.cpp; name = draw_line.cpp; path = cuviewdoc/draw_line.cpp; sourceTree = "<group>"; };
		799D37889D1CBC4B19E25EE3 /* viewersettings.ui */ = {isa = PBXFileReference; lastKnownFileType = text.xml; path = viewersettings.ui; sourceTree = "<group>"; };
		7A53AF8D8A86F2B7703B47A6 /* cuvvector.cpp */ = {isa = PBXFileReference; lastKnownFileType = sourcecode.cpp.cpp; name = cuvvector.cpp; path = include/cuvvector.cpp; sourceTree = "<group>"; };
		7AB51513DE1759874568D11A /* draw_point.cpp */ = {isa = PBXFileReference; lastKnownFileType = sourcecode.cpp.cpp; name = draw_point.cpp; path = cuviewdoc/draw_point.cpp; sourceTree = "<group>"; };
		7AD8BCE9D1E0939B92FCEC7E /* cuviewer.pro */ = {isa = PBXFileReference; lastKnownFileType = text; path = cuviewer.pro; sourceTree = "<group>"; };
		7BC2E65A5E699A5E5D834CA2 /* QtCore.framework */ = {isa = PBXFileReference; lastKnownFileType = wrapper.framework; name = QtCore.framework; path = /Library/Frameworks/QtCore.framework; sourceTree = "<absolute>"; };
		7E853AE0E46046837550D5E0 /* showscene.h */ = {isa = PBXFileReference; lastKnownFileType = sourcecode.c.h; path = showscene.h; sourceTree = "<group>"; };
		836C9A5B147145E600E421CB /* cuviewer.app */ = {isa = PBXFileReference; explicitFileType = wrapper.application; includeInIndex = 0; path = cuviewer.app; sourceTree = BUILT_PRODUCTS_DIR; };
		8458ADCEDC17D046942185CB /* script.cpp */ = {isa = PBXFileReference; lastKnownFileType = sourcecode.cpp.cpp; path = script.cpp; sourceTree = "<group>"; };
		85E01D040996E4B4811C478B /* moc_moviedialog.cpp */ = {isa = PBXFileReference; lastKnownFileType = sourcecode.cpp.cpp; path = moc_moviedialog.cpp; sourceTree = "<group>"; };
		86ADD011432BE838C9E91C59 /* moc_cuvdatahandler.cpp */ = {isa = PBXFileReference; lastKnownFileType = sourcecode.cpp.cpp; path = moc_cuvdatahandler.cpp; sourceTree = "<group>"; };
		8ED80A96032A99F6AB328584 /* images.qrc */ = {isa = PBXFileReference; lastKnownFileType = text; path = images.qrc; sourceTree = "<group>"; };
		928317DD4257A06615538127 /* ui_showscene.h */ = {isa = PBXFileReference; lastKnownFileType = sourcecode.c.h; path = ui_showscene.h; sourceTree = "<group>"; };
		9804ACD0514EBC184BA205F0 /* moc_autoexport.cpp */ = {isa = PBXFileReference; lastKnownFileType = sourcecode.cpp.cpp; path = moc_autoexport.cpp; sourceTree = "<group>"; };
		9B36DA7E32F0304E780E7972 /* QtGui.framework */ = {isa = PBXFileReference; lastKnownFileType = wrapper.framework; name = QtGui.framework; path = /Library/Frameworks/QtGui.framework; sourceTree = "<absolute>"; };
		9CF82C910C1F420D93370C43 /* getimagesize.ui */ = {isa = PBXFileReference; lastKnownFileType = text.xml; path = getimagesize.ui; sourceTree = "<group>"; };
		9EF0F84725EEE0A8385AC2D2 /* globalpreferences.h */ = {isa = PBXFileReference; lastKnownFileType = sourcecode.c.h; path = globalpreferences.h; sourceTree = "<group>"; };
		9F3E43F4B09D4A87C80BFBD7 /* globalpreferences.ui */ = {isa = PBXFileReference; lastKnownFileType = text.xml; path = globalpreferences.ui; sourceTree = "<group>"; };
		A2F82EBECE0F7900EFDB4134 /* cuvvector.h */ = {isa = PBXFileReference; lastKnownFileType = sourcecode.c.h; name = cuvvector.h; path = include/cuvvector.h; sourceTree = "<group>"; };
		AB241F823D3821A41AAC4BDE /* mainwindow.ui */ = {isa = PBXFileReference; lastKnownFileType = text.xml; path = mainwindow.ui; sourceTree = "<group>"; };
		ACB76DDFD3D71F333870F13A /* ui_autoexport.h */ = {isa = PBXFileReference; lastKnownFileType = sourcecode.c.h; path = ui_autoexport.h; sourceTree = "<group>"; };
		ADCA4584528210E7A236C209 /* moviedialog.cpp */ = {isa = PBXFileReference; lastKnownFileType = sourcecode.cpp.cpp; path = moviedialog.cpp; sourceTree = "<group>"; };
		AEDF5D6213366FC9B4765BAC /* qrc_images.cpp */ = {isa = PBXFileReference; lastKnownFileType = sourcecode.cpp.cpp; path = qrc_images.cpp; sourceTree = "<group>"; };
		AFB98B37FF0012B837A2131C /* ui_mainwindow.h */ = {isa = PBXFileReference; lastKnownFileType = sourcecode.c.h; path = ui_mainwindow.h; sourceTree = "<group>"; };
		B17C6083214BF37362F0451C /* changeablescene.h */ = {isa = PBXFileReference; lastKnownFileType = sourcecode.c.h; name = changeablescene.h; path = cuviewdoc/changeablescene.h; sourceTree = "<group>"; };
		B617BE036C1A801963B6EF84 /* entityscene.h */ = {isa = PBXFileReference; lastKnownFileType = sourcecode.c.h; name = entityscene.h; path = cuviewdoc/entityscene.h; sourceTree = "<group>"; };
		B95D71128A56E304CF2B7620 /* printpreview.ui */ = {isa = PBXFileReference; lastKnownFileType = text.xml; path = printpreview.ui; sourceTree = "<group>"; };
		C065A0C4008372A9D595A8E7 /* cuvdatautils.h */ = {isa = PBXFileReference; lastKnownFileType = sourcecode.c.h; name = cuvdatautils.h; path = include/cuvdatautils.h; sourceTree = "<group>"; };
		C0E112E876DADE40080A9321 /* moc_getimagesize.cpp */ = {isa = PBXFileReference; lastKnownFileType = sourcecode.cpp.cpp; path = moc_getimagesize.cpp; sourceTree = "<group>"; };
		C372C466F35514D2A00F5789 /* autoexport.h */ = {isa = PBXFileReference; lastKnownFileType = sourcecode.c.h; path = autoexport.h; sourceTree = "<group>"; };
		C374004D45E01156F931B37D /* QtOpenGL.framework */ = {isa = PBXFileReference; lastKnownFileType = wrapper.framework; name = QtOpenGL.framework; path = /Library/Frameworks/QtOpenGL.framework; sourceTree = "<absolute>"; };
		C63FA392C61F27B1B13369C1 /* mainwindow.h */ = {isa = PBXFileReference; lastKnownFileType = sourcecode.c.h; path = mainwindow.h; sourceTree = "<group>"; };
		C6766F86E49E9C8701C8E637 /* AGL.framework */ = {isa = PBXFileReference; lastKnownFileType = wrapper.framework; name = AGL.framework; path = /System/Library/Frameworks/AGL.framework; sourceTree = "<absolute>"; };
		CAAC1B351042DD6C482F6C45 /* ui_moviedialog.h */ = {isa = PBXFileReference; lastKnownFileType = sourcecode.c.h; path = ui_moviedialog.h; sourceTree = "<group>"; };
		D1EFC2E7C32FD804288A5E3E /* imageprocessing.cpp */ = {isa = PBXFileReference; lastKnownFileType = sourcecode.cpp.cpp; path = imageprocessing.cpp; sourceTree = "<group>"; };
		D314BE77BE81D94E4B3B9DAB /* moc_binpalettes.cpp */ = {isa = PBXFileReference; lastKnownFileType = sourcecode.cpp.cpp; path = moc_binpalettes.cpp; sourceTree = "<group>"; };
		D47AE44419C69FB1394CE5FF /* paletteview.cpp */ = {isa = PBXFileReference; lastKnownFileType = sourcecode.cpp.cpp; path = paletteview.cpp; sourceTree = "<group>"; };
		D64D26B967E8D7C4C19A0F7B /* moc_imageprocessing.cpp */ = {isa = PBXFileReference; lastKnownFileType = sourcecode.cpp.cpp; path = moc_imageprocessing.cpp; sourceTree = "<group>"; };
		DA18A6831232F53228631AD1 /* OpenGL.framework */ = {isa = PBXFileReference; lastKnownFileType = wrapper.framework; name = OpenGL.framework; path = /System/Library/Frameworks/OpenGL.framework; sourceTree = "<absolute>"; };
		DC43A7ACB12AF7100F6FDC2B /* showscene.ui */ = {isa = PBXFileReference; lastKnownFileType = text.xml; path = showscene.ui; sourceTree = "<group>"; };
		DE7834C83F6E50DE612A2701 /* ui_globalpreferences.h */ = {isa = PBXFileReference; lastKnownFileType = sourcecode.c.h; path = ui_globalpreferences.h; sourceTree = "<group>"; };
		DF7C32C250EB7EC8B56EAD06 /* moc_paletteview.cpp */ = {isa = PBXFileReference; lastKnownFileType = sourcecode.cpp.cpp; path = moc_paletteview.cpp; sourceTree = "<group>"; };
		E0D977A372CF9E09499E26A4 /* htmlFiles.qrc */ = {isa = PBXFileReference; lastKnownFileType = text; path = htmlFiles.qrc; sourceTree = "<group>"; };
		E58F17E990C6B7D1A3BE0BCF /* getimagesize.h */ = {isa = PBXFileReference; lastKnownFileType = sourcecode.c.h; path = getimagesize.h; sourceTree = "<group>"; };
		E884A6022398F2664CEF7825 /* binpalettes.cpp */ = {isa = PBXFileReference; lastKnownFileType = sourcecode.cpp.cpp; path = binpalettes.cpp; sourceTree = "<group>"; };
		EA177DE95BF7D3EF58EE43F7 /* mainwindow.cpp */ = {isa = PBXFileReference; lastKnownFileType = sourcecode.cpp.cpp; path = mainwindow.cpp; sourceTree = "<group>"; };
		EB1FE5B767E92C9507AA6575 /* cuvdatahandler.h */ = {isa = PBXFileReference; lastKnownFileType = sourcecode.c.h; name = cuvdatahandler.h; path = cuviewdoc/cuvdatahandler.h; sourceTree = "<group>"; };
		EB7364053870250347D716DF /* viewdata.h */ = {isa = PBXFileReference; lastKnownFileType = sourcecode.c.h; path = viewdata.h; sourceTree = "<group>"; };
		EC9B221F0B8E4EDD6647865D /* printpreview.h */ = {isa = PBXFileReference; lastKnownFileType = sourcecode.c.h; path = printpreview.h; sourceTree = "<group>"; };
		F21ECBE74723448A18E15AC7 /* displaylistscene.cpp */ = {isa = PBXFileReference; lastKnownFileType = sourcecode.cpp.cpp; name = displaylistscene.cpp; path = cuviewdoc/displaylistscene.cpp; sourceTree = "<group>"; };
		F281A32A0AF1796161245F1A /* sceneentity.h */ = {isa = PBXFileReference; lastKnownFileType = sourcecode.c.h; name = sceneentity.h; path = cuviewdoc/sceneentity.h; sourceTree = "<group>"; };
		F530E24F4248853EB19DC931 /* ui_viewersettings.h */ = {isa = PBXFileReference; lastKnownFileType = sourcecode.c.h; path = ui_viewersettings.h; sourceTree = "<group>"; };
		FFD51BBC46A331EE3D7B908A /* moc_pixmaplabel.cpp */ = {isa = PBXFileReference; lastKnownFileType = sourcecode.cpp.cpp; path = moc_pixmaplabel.cpp; sourceTree = "<group>"; };
/* End PBXFileReference section */

/* Begin PBXFrameworksBuildPhase section */
		2A1043669E6E5A7426EA502A /* Frameworks & Libraries */ = {
			isa = PBXFrameworksBuildPhase;
			buildActionMask = 2147483647;
			files = (
				450A0D11527AF164AEFE7377 /* QtOpenGL.framework in Frameworks & Libraries */,
				501667F26B3C1FF6767A7C12 /* QtGui.framework in Frameworks & Libraries */,
				069D05B0128AE5DC7EE31738 /* QtCore.framework in Frameworks & Libraries */,
				BCEF71E1EDFB18DA77DC750B /* OpenGL.framework in Frameworks & Libraries */,
				0C6D4628EE0B0D1479A20551 /* AGL.framework in Frameworks & Libraries */,
			);
			name = "Frameworks & Libraries";
			runOnlyForDeploymentPostprocessing = 0;
		};
/* End PBXFrameworksBuildPhase section */

/* Begin PBXGroup section */
		05596AB53D8D521C69802C27 /* cuviewer */ = {
			isa = PBXGroup;
			children = (
				FB61758D0F0FDA4BA867C3D5 /* Sources */,
				46E892BBB6BB6952967E0561 /* Temporary Sources */,
				883D7615C4D2DE3FA1218F12 /* Headers */,
				7CABE3C80E79AD2B307756D2 /* Sources [qmake] */,
				52C235EBF1C9B07808119459 /* Sources [RCC] */,
				EEC299C65D5017EB9DD513B0 /* Sources [UIC] */,
				ED1E82605DD74B483AF3C982 /* External Frameworks and Libraries */,
				836C9A5C147145E600E421CB /* Products */,
			);
			name = cuviewer;
			sourceTree = "<group>";
		};
		3B5C31E0476CF26CC94CDADA /* include */ = {
			isa = PBXGroup;
			children = (
				375123A56E2E4BB27DD1CB90 /* lessalloc.h */,
				A2F82EBECE0F7900EFDB4134 /* cuvvector.h */,
				1615A18A82455E7CA8A8EE3C /* cuvtags.h */,
				C065A0C4008372A9D595A8E7 /* cuvdatautils.h */,
				043CFFCD0275CF806C6B7618 /* cuvcommonstructs.h */,
			);
			name = include;
			sourceTree = "<group>";
		};
		46E892BBB6BB6952967E0561 /* Temporary Sources */ = {
			isa = PBXGroup;
			children = (
				336D3C48DD3B44974395C633 /* moc_mainwindow.cpp */,
				188B6FB5E82399FC5CB69802 /* moc_viewersettings.cpp */,
				DF7C32C250EB7EC8B56EAD06 /* moc_paletteview.cpp */,
				D64D26B967E8D7C4C19A0F7B /* moc_imageprocessing.cpp */,
				D314BE77BE81D94E4B3B9DAB /* moc_binpalettes.cpp */,
				59CD4F9263E55318D7ABB6BE /* moc_glrenderer.cpp */,
				323A4FB145C650EA534D96CC /* moc_cuviewdoc.cpp */,
				86ADD011432BE838C9E91C59 /* moc_cuvdatahandler.cpp */,
				74321A947AD3A0F5FF194EB2 /* moc_printpreview.cpp */,
				FFD51BBC46A331EE3D7B908A /* moc_pixmaplabel.cpp */,
				782C30F73B870B599FAB5F0A /* moc_showscene.cpp */,
				273A6034CB751754568EA056 /* moc_globalpreferences.cpp */,
				C0E112E876DADE40080A9321 /* moc_getimagesize.cpp */,
				85E01D040996E4B4811C478B /* moc_moviedialog.cpp */,
				9804ACD0514EBC184BA205F0 /* moc_autoexport.cpp */,
				AEDF5D6213366FC9B4765BAC /* qrc_images.cpp */,
				29A8868787C983C25FEE5528 /* qrc_glshaders.cpp */,
				3CDF27B041FE1F2D2E06D52E /* qrc_htmlFiles.cpp */,
				AFB98B37FF0012B837A2131C /* ui_mainwindow.h */,
				F530E24F4248853EB19DC931 /* ui_viewersettings.h */,
				04351BE90B4FC2907329BF1A /* ui_printpreview.h */,
				928317DD4257A06615538127 /* ui_showscene.h */,
				DE7834C83F6E50DE612A2701 /* ui_globalpreferences.h */,
				1B9B2F2D5B61D65DD2661A8E /* ui_getimagesize.h */,
				CAAC1B351042DD6C482F6C45 /* ui_moviedialog.h */,
				ACB76DDFD3D71F333870F13A /* ui_autoexport.h */,
			);
			name = "Temporary Sources";
			sourceTree = "<group>";
		};
		4F0DF760062C343C4C01827F /* include */ = {
			isa = PBXGroup;
			children = (
				7A53AF8D8A86F2B7703B47A6 /* cuvvector.cpp */,
			);
			name = include;
			sourceTree = "<group>";
		};
		52C235EBF1C9B07808119459 /* Sources [RCC] */ = {
			isa = PBXGroup;
			children = (
				8ED80A96032A99F6AB328584 /* images.qrc */,
				61ACFEDAA04B35D03E6A2A50 /* glshaders.qrc */,
				E0D977A372CF9E09499E26A4 /* htmlFiles.qrc */,
			);
			name = "Sources [RCC]";
			sourceTree = "<group>";
		};
		55D67B18A28EA5F427C73E32 /* cuviewdoc */ = {
			isa = PBXGroup;
			children = (
				F281A32A0AF1796161245F1A /* sceneentity.h */,
				0EAE6BAB43DACFA986924F5B /* glrenderer.h */,
				B617BE036C1A801963B6EF84 /* entityscene.h */,
				5A94EA870D093ED397311341 /* drawablescene.h */,
				1C4417D7CC66215ADB639528 /* displaylistscene.h */,
				40FCEA26392903D9D2D69061 /* cuviewdoc.h */,
				EB1FE5B767E92C9507AA6575 /* cuvdatahandler.h */,
				B17C6083214BF37362F0451C /* changeablescene.h */,
			);
			name = cuviewdoc;
			sourceTree = "<group>";
		};
		7CABE3C80E79AD2B307756D2 /* Sources [qmake] */ = {
			isa = PBXGroup;
			children = (
				7AD8BCE9D1E0939B92FCEC7E /* cuviewer.pro */,
			);
			name = "Sources [qmake]";
			sourceTree = "<group>";
		};
		836C9A5C147145E600E421CB /* Products */ = {
			isa = PBXGroup;
			children = (
				836C9A5B147145E600E421CB /* cuviewer.app */,
			);
			name = Products;
			sourceTree = "<group>";
		};
		883D7615C4D2DE3FA1218F12 /* Headers */ = {
			isa = PBXGroup;
			children = (
				C63FA392C61F27B1B13369C1 /* mainwindow.h */,
				0C81AB28DEC703193B2B8313 /* viewersettings.h */,
				3EE623AB78C6A9206E270998 /* paletteview.h */,
				EB7364053870250347D716DF /* viewdata.h */,
				4AC71EB5C4CD4C258D558FE1 /* imageprocessing.h */,
				4CE2A6A8783A086674E631FC /* binpalettes.h */,
				55D67B18A28EA5F427C73E32 /* cuviewdoc */,
				3B5C31E0476CF26CC94CDADA /* include */,
				EC9B221F0B8E4EDD6647865D /* printpreview.h */,
				29834053D461501391C90C68 /* pixmaplabel.h */,
				7E853AE0E46046837550D5E0 /* showscene.h */,
				9EF0F84725EEE0A8385AC2D2 /* globalpreferences.h */,
				E58F17E990C6B7D1A3BE0BCF /* getimagesize.h */,
				30EBAFE0D3C3F13ECA46AEE7 /* moviedialog.h */,
				28467D66BEB9D6D4C69F4581 /* script.h */,
				C372C466F35514D2A00F5789 /* autoexport.h */,
			);
			name = Headers;
			sourceTree = "<group>";
		};
		DC93BB8C751B238A8E5F09C6 /* cuviewdoc */ = {
			isa = PBXGroup;
			children = (
				1ACC2D1B2B149FEA7010F0C6 /* sceneentity.cpp */,
				6C3809F3EAFABBA2FCAE7A27 /* glrenderer.cpp */,
				55708F1CDDEB2DB1F69EF0CA /* entityscene.cpp */,
				4014219B7681577BC82BB491 /* draw_tria.cpp */,
				6B62213495B32505D737C0E9 /* draw_text.cpp */,
				0E38A4AD8BF7BAA400D1CD2F /* draw_sphoid.cpp */,
				0203B878A6E1E2E93C12034C /* draw_sphere.cpp */,
				479DBFD51D780DE7D86E535A /* draw_quadri.cpp */,
				7AB51513DE1759874568D11A /* draw_point.cpp */,
				7850C326E6D3BA00F603277B /* draw_line.cpp */,
				F21ECBE74723448A18E15AC7 /* displaylistscene.cpp */,
				0ECB297F54627F0995A63467 /* cuviewdoc.cpp */,
				36150AD6591CD16F9C296936 /* cuvdatahandler.cpp */,
			);
			name = cuviewdoc;
			sourceTree = "<group>";
		};
		ED1E82605DD74B483AF3C982 /* External Frameworks and Libraries */ = {
			isa = PBXGroup;
			children = (
				C374004D45E01156F931B37D /* QtOpenGL.framework */,
				9B36DA7E32F0304E780E7972 /* QtGui.framework */,
				7BC2E65A5E699A5E5D834CA2 /* QtCore.framework */,
				DA18A6831232F53228631AD1 /* OpenGL.framework */,
				C6766F86E49E9C8701C8E637 /* AGL.framework */,
			);
			name = "External Frameworks and Libraries";
			sourceTree = "<group>";
		};
		EEC299C65D5017EB9DD513B0 /* Sources [UIC] */ = {
			isa = PBXGroup;
			children = (
				AB241F823D3821A41AAC4BDE /* mainwindow.ui */,
				799D37889D1CBC4B19E25EE3 /* viewersettings.ui */,
				B95D71128A56E304CF2B7620 /* printpreview.ui */,
				DC43A7ACB12AF7100F6FDC2B /* showscene.ui */,
				9F3E43F4B09D4A87C80BFBD7 /* globalpreferences.ui */,
				9CF82C910C1F420D93370C43 /* getimagesize.ui */,
				23A12D294C35DE209B2AD673 /* moviedialog.ui */,
				4A9A6A7E5D1B06E591D53156 /* autoexport.ui */,
			);
			name = "Sources [UIC]";
			sourceTree = "<group>";
		};
		FB61758D0F0FDA4BA867C3D5 /* Sources */ = {
			isa = PBXGroup;
			children = (
				118FCBAABA162BA17933C789 /* main.cpp */,
				EA177DE95BF7D3EF58EE43F7 /* mainwindow.cpp */,
				27594C621E702237A4E20CF8 /* viewersettings.cpp */,
				D47AE44419C69FB1394CE5FF /* paletteview.cpp */,
				E884A6022398F2664CEF7825 /* binpalettes.cpp */,
				D1EFC2E7C32FD804288A5E3E /* imageprocessing.cpp */,
				DC93BB8C751B238A8E5F09C6 /* cuviewdoc */,
				4F0DF760062C343C4C01827F /* include */,
				3F8F0D1104AAE3C3CCD9C806 /* printpreview.cpp */,
				33DEF0A4988E3A1EE413F9FF /* pixmaplabel.cpp */,
				76E707E0DD0C96657DEABF6E /* showscene.cpp */,
				4F752D6BB4A5AE44860BC64C /* globalpreferences.cpp */,
				5505FBE7E376EA2713588D32 /* getimagesize.cpp */,
				ADCA4584528210E7A236C209 /* moviedialog.cpp */,
				8458ADCEDC17D046942185CB /* script.cpp */,
				4E3AB0E36A594E69CDAE45EB /* autoexport.cpp */,
			);
			name = Sources;
			sourceTree = "<group>";
		};
/* End PBXGroup section */

/* Begin PBXNativeTarget section */
		BADA9F4ECD2F7BBDABC133DF /* cuviewer */ = {
			isa = PBXNativeTarget;
			buildConfigurationList = 836C9A721471460400E421CB /* Build configuration list for PBXNativeTarget "cuviewer" */;
			buildPhases = (
				D7BA7D76DAB5DD13389D6332 /* Qt Qmake */,
				A0A52A2ADF7A1E2A99738674 /* Qt Preprocessors */,
				F6069D5A5DA8AA28EDB8B3C6 /* Project Copy */,
				C29B8785722055ED95EF7B57 /* Build Sources */,
				2A1043669E6E5A7426EA502A /* Frameworks & Libraries */,
				3787F99312C85FF0073FD7BA /* Bundle Resources */,
			);
			buildRules = (
			);
			dependencies = (
			);
			name = cuviewer;
			productName = cuviewer;
			productReference = 836C9A5B147145E600E421CB /* cuviewer.app */;
			productType = "com.apple.product-type.application";
		};
/* End PBXNativeTarget section */

/* Begin PBXProject section */
		91B15E841AA80083484172DE /* Project object */ = {
			isa = PBXProject;
			buildConfigurationList = 2A951308CDB28F104D0A4BD2 /* Build configuration list for PBXProject "cuviewer" */;
			compatibilityVersion = "Xcode 2.4";
			developmentRegion = English;
			hasScannedForEncodings = 1;
			knownRegions = (
				English,
				Japanese,
				French,
				German,
			);
			mainGroup = 05596AB53D8D521C69802C27 /* cuviewer */;
			productRefGroup = 836C9A5C147145E600E421CB /* Products */;
			projectDirPath = "";
			projectRoot = "";
			targets = (
				BADA9F4ECD2F7BBDABC133DF /* cuviewer */,
			);
		};
/* End PBXProject section */

/* Begin PBXResourcesBuildPhase section */
		3787F99312C85FF0073FD7BA /* Bundle Resources */ = {
			isa = PBXResourcesBuildPhase;
			buildActionMask = 2147483647;
			files = (
			);
			name = "Bundle Resources";
			runOnlyForDeploymentPostprocessing = 0;
		};
/* End PBXResourcesBuildPhase section */

/* Begin PBXShellScriptBuildPhase section */
		A0A52A2ADF7A1E2A99738674 /* Qt Preprocessors */ = {
			isa = PBXShellScriptBuildPhase;
			buildActionMask = 2147483647;
			files = (
			);
			name = "Qt Preprocessors";
			runOnlyForDeploymentPostprocessing = 0;
			shellPath = /bin/sh;
			shellScript = "make -C /Users/tjssmy/source/ospice/cuviewer2 -f 'cuviewer.xcodeproj/qt_preprocess.mak'";
		};
		D7BA7D76DAB5DD13389D6332 /* Qt Qmake */ = {
			isa = PBXShellScriptBuildPhase;
			buildActionMask = 2147483647;
			files = (
			);
			name = "Qt Qmake";
			runOnlyForDeploymentPostprocessing = 0;
			shellPath = /bin/sh;
			shellScript = "make -C /Users/tjssmy/source/ospice/cuviewer2 -f 'cuviewer.xcodeproj/qt_makeqmake.mak'";
		};
/* End PBXShellScriptBuildPhase section */

/* Begin PBXSourcesBuildPhase section */
		C29B8785722055ED95EF7B57 /* Build Sources */ = {
			isa = PBXSourcesBuildPhase;
			buildActionMask = 2147483647;
			files = (
				2B093CA6F071B023A473CED0 /* main.cpp in Build Sources */,
				462C0F34BBEF2375A9469BB5 /* mainwindow.cpp in Build Sources */,
				9DF3AD8164F445541BC8A06D /* viewersettings.cpp in Build Sources */,
				F4BF60642BF059EC564147FD /* paletteview.cpp in Build Sources */,
				F44A3C2E1C61FC8FC39A2AFA /* imageprocessing.cpp in Build Sources */,
				7A8B396291E9D00F4EF6065A /* binpalettes.cpp in Build Sources */,
				76138EBF01A5DEA3F6CCED0B /* sceneentity.cpp in Build Sources */,
				361A9707E486D2BAF94F3A64 /* glrenderer.cpp in Build Sources */,
				B98F0DC9493E59403E010F3A /* entityscene.cpp in Build Sources */,
				74B0AB4F771CC10802993870 /* draw_tria.cpp in Build Sources */,
				0F383CAF1F369FAB80830F99 /* draw_text.cpp in Build Sources */,
				58F3AC2799B61059F4E2F3BA /* draw_sphoid.cpp in Build Sources */,
				CE3C2FF4A779B5209CEF604D /* draw_sphere.cpp in Build Sources */,
				7D12242113F3402CACBA4B0A /* draw_quadri.cpp in Build Sources */,
				D1ACC097C6BBA6EC000E2CF9 /* draw_point.cpp in Build Sources */,
				A8FC24A582C2037D551B0697 /* draw_line.cpp in Build Sources */,
				10C3022827534A869A24BB42 /* displaylistscene.cpp in Build Sources */,
				D99AEB34B547632746B1B991 /* cuviewdoc.cpp in Build Sources */,
				0A73F7030B6E35EA7C6A926E /* cuvdatahandler.cpp in Build Sources */,
				82131C329AEDFF8F54785923 /* cuvvector.cpp in Build Sources */,
				8F8D827365C90D3E391C6D8E /* printpreview.cpp in Build Sources */,
				870DDBBE994CE80C5FA37A4A /* pixmaplabel.cpp in Build Sources */,
				2C15445969F8AD08DC10EBB1 /* showscene.cpp in Build Sources */,
				3CD42FE090232060C7EE599D /* globalpreferences.cpp in Build Sources */,
				C1F25E9F20C99C0956CE1BDF /* getimagesize.cpp in Build Sources */,
				1D65DDAC0A2F0E488770DAE1 /* moviedialog.cpp in Build Sources */,
				E104D424C477AF3497DEA307 /* script.cpp in Build Sources */,
				709E6F64DC4BE7C5298F844A /* autoexport.cpp in Build Sources */,
				26C2BED6C570C95F5243C556 /* moc_mainwindow.cpp in Build Sources */,
				AA9AA27340D303D9CF305CCB /* moc_viewersettings.cpp in Build Sources */,
				2047DA1749B439430FFA7C2D /* moc_paletteview.cpp in Build Sources */,
				798A4D29F9FD9FA31CDE4AD8 /* moc_imageprocessing.cpp in Build Sources */,
				8C7A93D4203FACE9ABA20001 /* moc_binpalettes.cpp in Build Sources */,
				C98EADAE0AFAA655934BFA10 /* moc_glrenderer.cpp in Build Sources */,
				EFE8A117B3E4EC9AC40A0835 /* moc_cuviewdoc.cpp in Build Sources */,
				15F2A60A9D3DD85163F857BB /* moc_cuvdatahandler.cpp in Build Sources */,
				F4FEF62F90840B2318303C89 /* moc_printpreview.cpp in Build Sources */,
				2E4F3B7F73EA13BD74FF1774 /* moc_pixmaplabel.cpp in Build Sources */,
				47D642AC530AFBDD720B939A /* moc_showscene.cpp in Build Sources */,
				7162C5CAE4FCA7F0809F1C16 /* moc_globalpreferences.cpp in Build Sources */,
				20272530CE64D4C8D2E566EE /* moc_getimagesize.cpp in Build Sources */,
				4F513DF64352B6AAC37AD636 /* moc_moviedialog.cpp in Build Sources */,
				DD3A249383E106E3A5B47005 /* moc_autoexport.cpp in Build Sources */,
				1FBEC5F04CD36A072CBDFF0B /* qrc_images.cpp in Build Sources */,
				15E3698CEFA60393EBD88312 /* qrc_glshaders.cpp in Build Sources */,
				E4B721BED49A77B828A4CCF0 /* qrc_htmlFiles.cpp in Build Sources */,
			);
			name = "Build Sources";
			runOnlyForDeploymentPostprocessing = 0;
		};
/* End PBXSourcesBuildPhase section */

/* Begin XCBuildConfiguration section */
		836C9A6D147145E600E421CB /* Debug */ = {
			isa = XCBuildConfiguration;
			buildSettings = {
				BUILD_ROOT = /Users/tjssmy/source/ospice/cuviewer2;
				COPY_PHASE_STRIP = NO;
				DYLIB_COMPATIBILITY_VERSION = 1.0;
				DYLIB_CURRENT_VERSION = 1.0.0;
				GCC_GENERATE_DEBUGGING_SYMBOLS = YES;
				GCC_OPTIMIZATION_LEVEL = 0;
				HEADER_SEARCH_PATHS = (
					/Library/Frameworks/QtCore.framework/Versions/4/Headers,
					/usr/include/QtCore,
					/Library/Frameworks/QtGui.framework/Versions/4/Headers,
					/usr/include/QtGui,
					/Library/Frameworks/QtOpenGL.framework/Versions/4/Headers,
					/usr/include/QtOpenGL,
					/usr/include,
					/System/Library/Frameworks/OpenGL.framework/Versions/A/Headers,
					/System/Library/Frameworks/AGL.framework/Headers,
					.,
					.,
					/usr/local/include,
					/System/Library/Frameworks/CarbonCore.framework/Headers,
					"/usr/local/Qt4.7/mkspecs/macx-xcode",
				);
				INFOPLIST_FILE = Info.plist;
				LEXFLAGS = "";
				LIBRARY_SEARCH_PATHS = (
					/Library/Frameworks,
					/System/Library/Frameworks/,
				);
				MACOSX_DEPLOYMENT_TARGET = 10.4;
				OTHER_CFLAGS = (
					"-pipe",
					"-g",
					"-Wall",
					"-W",
					"-DQT_OPENGL_LIB",
					"-DQT_GUI_LIB",
					"-DQT_CORE_LIB",
					"-DQT_SHARED",
				);
				OTHER_CPLUSPLUSFLAGS = (
					"-pipe",
					"-g",
					"-Wall",
					"-W",
					"-DQT_OPENGL_LIB",
					"-DQT_GUI_LIB",
					"-DQT_CORE_LIB",
					"-DQT_SHARED",
				);
				OTHER_LDFLAGS = (
					"-headerpad_max_install_names",
					"-L/Library/Frameworks",
					"-F/Library/Frameworks",
				);
				OTHER_REZFLAGS = "";
				PREBINDING = NO;
				PRODUCT_NAME = cuviewer;
				SECTORDER_FLAGS = "";
				WARNING_CFLAGS = "";
				YACCFLAGS = "-d";
			};
			name = Debug;
		};
		836C9A6E147145E600E421CB /* Release */ = {
			isa = XCBuildConfiguration;
			buildSettings = {
				BUILD_ROOT = /Users/tjssmy/source/ospice/cuviewer2;
				COPY_PHASE_STRIP = YES;
				DYLIB_COMPATIBILITY_VERSION = 1.0;
				DYLIB_CURRENT_VERSION = 1.0.0;
				GCC_GENERATE_DEBUGGING_SYMBOLS = NO;
				HEADER_SEARCH_PATHS = (
					/Library/Frameworks/QtCore.framework/Versions/4/Headers,
					/usr/include/QtCore,
					/Library/Frameworks/QtGui.framework/Versions/4/Headers,
					/usr/include/QtGui,
					/Library/Frameworks/QtOpenGL.framework/Versions/4/Headers,
					/usr/include/QtOpenGL,
					/usr/include,
					/System/Library/Frameworks/OpenGL.framework/Versions/A/Headers,
					/System/Library/Frameworks/AGL.framework/Headers,
					.,
					.,
					/usr/local/include,
					/System/Library/Frameworks/CarbonCore.framework/Headers,
					"/usr/local/Qt4.7/mkspecs/macx-xcode",
				);
				INFOPLIST_FILE = Info.plist;
				LEXFLAGS = "";
				LIBRARY_SEARCH_PATHS = (
					/Library/Frameworks,
					/System/Library/Frameworks/,
				);
				MACOSX_DEPLOYMENT_TARGET = 10.4;
				OTHER_CFLAGS = (
					"-pipe",
					"-g",
					"-Wall",
					"-W",
					"-DQT_OPENGL_LIB",
					"-DQT_GUI_LIB",
					"-DQT_CORE_LIB",
					"-DQT_SHARED",
				);
				OTHER_CPLUSPLUSFLAGS = (
					"-pipe",
					"-g",
					"-Wall",
					"-W",
					"-DQT_OPENGL_LIB",
					"-DQT_GUI_LIB",
					"-DQT_CORE_LIB",
					"-DQT_SHARED",
				);
				OTHER_LDFLAGS = (
					"-headerpad_max_install_names",
					"-L/Library/Frameworks",
					"-F/Library/Frameworks",
				);
				OTHER_REZFLAGS = "";
				PREBINDING = NO;
				PRODUCT_NAME = cuviewer;
				SECTORDER_FLAGS = "";
				WARNING_CFLAGS = "";
				YACCFLAGS = "-d";
			};
			name = Release;
		};
		836C9A6F147145E600E421CB /* Default */ = {
			isa = XCBuildConfiguration;
			buildSettings = {
				BUILD_ROOT = /Users/tjssmy/source/ospice/cuviewer2;
				DYLIB_COMPATIBILITY_VERSION = 1.0;
				DYLIB_CURRENT_VERSION = 1.0.0;
				HEADER_SEARCH_PATHS = (
					/Library/Frameworks/QtCore.framework/Versions/4/Headers,
					/usr/include/QtCore,
					/Library/Frameworks/QtGui.framework/Versions/4/Headers,
					/usr/include/QtGui,
					/Library/Frameworks/QtOpenGL.framework/Versions/4/Headers,
					/usr/include/QtOpenGL,
					/usr/include,
					/System/Library/Frameworks/OpenGL.framework/Versions/A/Headers,
					/System/Library/Frameworks/AGL.framework/Headers,
					.,
					.,
					/usr/local/include,
					/System/Library/Frameworks/CarbonCore.framework/Headers,
					"/usr/local/Qt4.7/mkspecs/macx-xcode",
				);
				INFOPLIST_FILE = Info.plist;
				LEXFLAGS = "";
				LIBRARY_SEARCH_PATHS = (
					/Library/Frameworks,
					/System/Library/Frameworks/,
				);
				MACOSX_DEPLOYMENT_TARGET = 10.4;
				OTHER_CFLAGS = (
					"-pipe",
					"-g",
					"-Wall",
					"-W",
					"-DQT_OPENGL_LIB",
					"-DQT_GUI_LIB",
					"-DQT_CORE_LIB",
					"-DQT_SHARED",
				);
				OTHER_CPLUSPLUSFLAGS = (
					"-pipe",
					"-g",
					"-Wall",
					"-W",
					"-DQT_OPENGL_LIB",
					"-DQT_GUI_LIB",
					"-DQT_CORE_LIB",
					"-DQT_SHARED",
				);
				OTHER_LDFLAGS = (
					"-headerpad_max_install_names",
					"-L/Library/Frameworks",
					"-F/Library/Frameworks",
				);
				OTHER_REZFLAGS = "";
				PREBINDING = NO;
				PRODUCT_NAME = cuviewer;
				SECTORDER_FLAGS = "";
				WARNING_CFLAGS = "";
				YACCFLAGS = "-d";
			};
			name = Default;
		};
		8DB1DD96F65B1BF1FFC506E0 /* Debug */ = {
			isa = XCBuildConfiguration;
			buildSettings = {
				COPY_PHASE_STRIP = NO;
				GCC_GENERATE_DEBUGGING_SYMBOLS = YES;
				GCC_OPTIMIZATION_LEVEL = 0;
			};
			name = Debug;
		};
		95E1EB2E5DDD587BE5B3E548 /* Release */ = {
			isa = XCBuildConfiguration;
			buildSettings = {
				COPY_PHASE_STRIP = YES;
				GCC_GENERATE_DEBUGGING_SYMBOLS = NO;
			};
			name = Release;
		};
/* End XCBuildConfiguration section */

/* Begin XCConfigurationList section */
		2A951308CDB28F104D0A4BD2 /* Build configuration list for PBXProject "cuviewer" */ = {
			isa = XCConfigurationList;
			buildConfigurations = (
				8DB1DD96F65B1BF1FFC506E0 /* Debug */,
				95E1EB2E5DDD587BE5B3E548 /* Release */,
			);
			defaultConfigurationIsVisible = 0;
			defaultConfigurationName = Release;
		};
		836C9A721471460400E421CB /* Build configuration list for PBXNativeTarget "cuviewer" */ = {
			isa = XCConfigurationList;
			buildConfigurations = (
				836C9A6D147145E600E421CB /* Debug */,
				836C9A6E147145E600E421CB /* Release */,
				836C9A6F147145E600E421CB /* Default */,
			);
			defaultConfigurationIsVisible = 0;
			defaultConfigurationName = Default;
		};
/* End XCConfigurationList section */
	};
	rootObject = 91B15E841AA80083484172DE /* Project object */;
}
